<?xml version="1.0" encoding="utf-8"?>
<Project ToolsVersion="4.0" xmlns="http://schemas.microsoft.com/developer/msbuild/2003">
  <ItemGroup>
    <Filter Include="Dll">
      <UniqueIdentifier>{67DA6AB6-F800-4c08-8B7A-83BB121AAD01}</UniqueIdentifier>
      <Extensions>rc;ico;cur;bmp;dlg;rc2;rct;bin;rgs;gif;jpg;jpeg;jpe;resx;tiff;tif;png;wav;mfcribbon-ms</Extensions>
    </Filter>
    <Filter Include="tiny_obj_loader">
      <UniqueIdentifier>{60a710de-4e0b-4849-bbd8-894e3fedc468}</UniqueIdentifier>
    </Filter>
    <Filter Include="ShaderManager">
      <UniqueIdentifier>{7a5f9fc1-becf-472c-b607-0ba339f7b274}</UniqueIdentifier>
    </Filter>
    <Filter Include="ShaderManager\Shader">
      <UniqueIdentifier>{8eac85ce-1f76-42f3-8827-a6a02e8095e0}</UniqueIdentifier>
    </Filter>
    <Filter Include="FramebufferProvider">
      <UniqueIdentifier>{3ae75024-5552-4e2c-a78e-43f97d824e51}</UniqueIdentifier>
    </Filter>
  </ItemGroup>
  <ItemGroup>
    <ClInclude Include="pch.h">
      <Filter>Dll</Filter>
    </ClInclude>
    <ClInclude Include="framework.h">
      <Filter>Dll</Filter>
    </ClInclude>
    <ClInclude Include="tiny_obj_loader.h">
      <Filter>tiny_obj_loader</Filter>
    </ClInclude>
    <ClInclude Include="ShaderManager.h">
      <Filter>ShaderManager</Filter>
    </ClInclude>
    <ClInclude Include="Shader.h">
      <Filter>ShaderManager\Shader</Filter>
    </ClInclude>
    <ClInclude Include="FramebufferProvider.h">
      <Filter>FramebufferProvider</Filter>
    </ClInclude>
    <ClInclude Include="Graphics.h" />
  </ItemGroup>
  <ItemGroup>
    <ClCompile Include="pch.cpp">
      <Filter>Dll</Filter>
    </ClCompile>
    <ClCompile Include="dllmain.cpp">
      <Filter>Dll</Filter>
    </ClCompile>
    <ClCompile Include="ShaderManager.cpp">
      <Filter>ShaderManager</Filter>
    </ClCompile>
    <ClCompile Include="Shader.cpp">
      <Filter>ShaderManager\Shader</Filter>
    </ClCompile>
    <ClCompile Include="FramebufferProvider.cpp">
      <Filter>FramebufferProvider</Filter>
    </ClCompile>
    <ClCompile Include="Graphics.cpp" />
  </ItemGroup>
</Project>