
Microsoft Visual Studio Solution File, Format Version 12.00
# Visual Studio Version 17
VisualStudioVersion = 17.13.35931.197
MinimumVisualStudioVersion = 10.0.40219.1
Project("{8BC9CEB8-8B4A-11D0-8D11-00A0C91BC942}") = "Adrengine", "Adrengine\Adrengine.vcxproj", "{529A9BE7-891F-4121-96FE-D59DAA6C3713}"
	ProjectSection(ProjectDependencies) = postProject
		{4EC72CC5-0290-4C25-98AC-E1B62D848932} = {4EC72CC5-0290-4C25-98AC-E1B62D848932}
		{8B0AC5CB-93FA-4B73-9E6F-A7E8C4442063} = {8B0AC5CB-93FA-4B73-9E6F-A7E8C4442063}
		{D708F3E6-8C24-48FC-8BF6-EC9A23962193} = {D708F3E6-8C24-48FC-8BF6-EC9A23962193}
		{D74BD9C0-772D-42EA-BBB3-AFEAC552376D} = {D74BD9C0-772D-42EA-BBB3-AFEAC552376D}
	EndProjectSection
EndProject
Project("{8BC9CEB8-8B4A-11D0-8D11-00A0C91BC942}") = "Logger", "Logger\Logger.vcxproj", "{C3FB4999-5E43-4868-9CCF-DFF0DF68D429}"
	ProjectSection(ProjectDependencies) = postProject
		{4EC72CC5-0290-4C25-98AC-E1B62D848932} = {4EC72CC5-0290-4C25-98AC-E1B62D848932}
	EndProjectSection
EndProject
Project("{8BC9CEB8-8B4A-11D0-8D11-00A0C91BC942}") = "Localization", "Localization\Localization.vcxproj", "{DF0D0F0F-70B0-4CC4-9620-960064970795}"
	ProjectSection(ProjectDependencies) = postProject
		{C3FB4999-5E43-4868-9CCF-DFF0DF68D429} = {C3FB4999-5E43-4868-9CCF-DFF0DF68D429}
	EndProjectSection
EndProject
Project("{8BC9CEB8-8B4A-11D0-8D11-00A0C91BC942}") = "Asset", "Asset\Asset.vcxproj", "{D74BD9C0-772D-42EA-BBB3-AFEAC552376D}"
	ProjectSection(ProjectDependencies) = postProject
		{4EC72CC5-0290-4C25-98AC-E1B62D848932} = {4EC72CC5-0290-4C25-98AC-E1B62D848932}
	EndProjectSection
EndProject
Project("{8BC9CEB8-8B4A-11D0-8D11-00A0C91BC942}") = "Common", "Common\Common.vcxproj", "{4EC72CC5-0290-4C25-98AC-E1B62D848932}"
EndProject
Project("{8BC9CEB8-8B4A-11D0-8D11-00A0C91BC942}") = "Graphics", "Graphics\Graphics.vcxproj", "{4148F3D6-D4D4-46FA-AD17-818F5B5EBE83}"
	ProjectSection(ProjectDependencies) = postProject
		{4EC72CC5-0290-4C25-98AC-E1B62D848932} = {4EC72CC5-0290-4C25-98AC-E1B62D848932}
	EndProjectSection
EndProject
Project("{8BC9CEB8-8B4A-11D0-8D11-00A0C91BC942}") = "SceneManager", "SceneManager\SceneManager.vcxproj", "{8B0AC5CB-93FA-4B73-9E6F-A7E8C4442063}"
	ProjectSection(ProjectDependencies) = postProject
		{78ABDC69-0222-4D48-9793-E10C0C2AC9A9} = {78ABDC69-0222-4D48-9793-E10C0C2AC9A9}
	EndProjectSection
EndProject
Project("{8BC9CEB8-8B4A-11D0-8D11-00A0C91BC942}") = "EntityManager", "EntityManager\EntityManager.vcxproj", "{78ABDC69-0222-4D48-9793-E10C0C2AC9A9}"
	ProjectSection(ProjectDependencies) = postProject
		{4EC72CC5-0290-4C25-98AC-E1B62D848932} = {4EC72CC5-0290-4C25-98AC-E1B62D848932}
	EndProjectSection
EndProject
Project("{8BC9CEB8-8B4A-11D0-8D11-00A0C91BC942}") = "InputManager", "InputManager\InputManager.vcxproj", "{C7395A95-F1F1-4F4F-920C-BE6447A9ECDF}"
	ProjectSection(ProjectDependencies) = postProject
		{4EC72CC5-0290-4C25-98AC-E1B62D848932} = {4EC72CC5-0290-4C25-98AC-E1B62D848932}
	EndProjectSection
EndProject
Project("{8BC9CEB8-8B4A-11D0-8D11-00A0C91BC942}") = "InterfaceManager", "InterfaceManager\InterfaceManager.vcxproj", "{63BA3DFB-592C-4F04-A85F-35113BE90180}"
	ProjectSection(ProjectDependencies) = postProject
		{8B0AC5CB-93FA-4B73-9E6F-A7E8C4442063} = {8B0AC5CB-93FA-4B73-9E6F-A7E8C4442063}
		{9A511C90-98B2-486E-B723-906CE917951A} = {9A511C90-98B2-486E-B723-906CE917951A}
		{C3FB4999-5E43-4868-9CCF-DFF0DF68D429} = {C3FB4999-5E43-4868-9CCF-DFF0DF68D429}
		{D74BD9C0-772D-42EA-BBB3-AFEAC552376D} = {D74BD9C0-772D-42EA-BBB3-AFEAC552376D}
		{DF0D0F0F-70B0-4CC4-9620-960064970795} = {DF0D0F0F-70B0-4CC4-9620-960064970795}
	EndProjectSection
EndProject
Project("{8BC9CEB8-8B4A-11D0-8D11-00A0C91BC942}") = "Timer", "Timer\Timer.vcxproj", "{65ADC06E-777C-4CAE-BECD-02C885AFFE28}"
	ProjectSection(ProjectDependencies) = postProject
		{C3FB4999-5E43-4868-9CCF-DFF0DF68D429} = {C3FB4999-5E43-4868-9CCF-DFF0DF68D429}
	EndProjectSection
EndProject
Project("{8BC9CEB8-8B4A-11D0-8D11-00A0C91BC942}") = "VisualScriptManager", "VisualScriptManager\VisualScriptManager.vcxproj", "{9A511C90-98B2-486E-B723-906CE917951A}"
EndProject
Project("{8BC9CEB8-8B4A-11D0-8D11-00A0C91BC942}") = "Engine", "Engine\Engine.vcxproj", "{D708F3E6-8C24-48FC-8BF6-EC9A23962193}"
	ProjectSection(ProjectDependencies) = postProject
		{4148F3D6-D4D4-46FA-AD17-818F5B5EBE83} = {4148F3D6-D4D4-46FA-AD17-818F5B5EBE83}
		{4EC72CC5-0290-4C25-98AC-E1B62D848932} = {4EC72CC5-0290-4C25-98AC-E1B62D848932}
		{63BA3DFB-592C-4F04-A85F-35113BE90180} = {63BA3DFB-592C-4F04-A85F-35113BE90180}
		{78ABDC69-0222-4D48-9793-E10C0C2AC9A9} = {78ABDC69-0222-4D48-9793-E10C0C2AC9A9}
		{8B0AC5CB-93FA-4B73-9E6F-A7E8C4442063} = {8B0AC5CB-93FA-4B73-9E6F-A7E8C4442063}
		{9A511C90-98B2-486E-B723-906CE917951A} = {9A511C90-98B2-486E-B723-906CE917951A}
		{C3FB4999-5E43-4868-9CCF-DFF0DF68D429} = {C3FB4999-5E43-4868-9CCF-DFF0DF68D429}
		{D74BD9C0-772D-42EA-BBB3-AFEAC552376D} = {D74BD9C0-772D-42EA-BBB3-AFEAC552376D}
		{DF0D0F0F-70B0-4CC4-9620-960064970795} = {DF0D0F0F-70B0-4CC4-9620-960064970795}
	EndProjectSection
EndProject
Global
	GlobalSection(SolutionConfigurationPlatforms) = preSolution
		Debug|x64 = Debug|x64
		Debug|x86 = Debug|x86
		Release|x64 = Release|x64
		Release|x86 = Release|x86
	EndGlobalSection
	GlobalSection(ProjectConfigurationPlatforms) = postSolution
		{529A9BE7-891F-4121-96FE-D59DAA6C3713}.Debug|x64.ActiveCfg = Debug|x64
		{529A9BE7-891F-4121-96FE-D59DAA6C3713}.Debug|x64.Build.0 = Debug|x64
		{529A9BE7-891F-4121-96FE-D59DAA6C3713}.Debug|x86.ActiveCfg = Debug|Win32
		{529A9BE7-891F-4121-96FE-D59DAA6C3713}.Debug|x86.Build.0 = Debug|Win32
		{529A9BE7-891F-4121-96FE-D59DAA6C3713}.Release|x64.ActiveCfg = Release|x64
		{529A9BE7-891F-4121-96FE-D59DAA6C3713}.Release|x64.Build.0 = Release|x64
		{529A9BE7-891F-4121-96FE-D59DAA6C3713}.Release|x86.ActiveCfg = Release|Win32
		{529A9BE7-891F-4121-96FE-D59DAA6C3713}.Release|x86.Build.0 = Release|Win32
		{C3FB4999-5E43-4868-9CCF-DFF0DF68D429}.Debug|x64.ActiveCfg = Debug|x64
		{C3FB4999-5E43-4868-9CCF-DFF0DF68D429}.Debug|x64.Build.0 = Debug|x64
		{C3FB4999-5E43-4868-9CCF-DFF0DF68D429}.Debug|x86.ActiveCfg = Debug|Win32
		{C3FB4999-5E43-4868-9CCF-DFF0DF68D429}.Debug|x86.Build.0 = Debug|Win32
		{C3FB4999-5E43-4868-9CCF-DFF0DF68D429}.Release|x64.ActiveCfg = Release|x64
		{C3FB4999-5E43-4868-9CCF-DFF0DF68D429}.Release|x64.Build.0 = Release|x64
		{C3FB4999-5E43-4868-9CCF-DFF0DF68D429}.Release|x86.ActiveCfg = Release|Win32
		{C3FB4999-5E43-4868-9CCF-DFF0DF68D429}.Release|x86.Build.0 = Release|Win32
		{DF0D0F0F-70B0-4CC4-9620-960064970795}.Debug|x64.ActiveCfg = Debug|x64
		{DF0D0F0F-70B0-4CC4-9620-960064970795}.Debug|x64.Build.0 = Debug|x64
		{DF0D0F0F-70B0-4CC4-9620-960064970795}.Debug|x86.ActiveCfg = Debug|Win32
		{DF0D0F0F-70B0-4CC4-9620-960064970795}.Debug|x86.Build.0 = Debug|Win32
		{DF0D0F0F-70B0-4CC4-9620-960064970795}.Release|x64.ActiveCfg = Release|x64
		{DF0D0F0F-70B0-4CC4-9620-960064970795}.Release|x64.Build.0 = Release|x64
		{DF0D0F0F-70B0-4CC4-9620-960064970795}.Release|x86.ActiveCfg = Release|Win32
		{DF0D0F0F-70B0-4CC4-9620-960064970795}.Release|x86.Build.0 = Release|Win32
		{D74BD9C0-772D-42EA-BBB3-AFEAC552376D}.Debug|x64.ActiveCfg = Debug|x64
		{D74BD9C0-772D-42EA-BBB3-AFEAC552376D}.Debug|x64.Build.0 = Debug|x64
		{D74BD9C0-772D-42EA-BBB3-AFEAC552376D}.Debug|x86.ActiveCfg = Debug|Win32
		{D74BD9C0-772D-42EA-BBB3-AFEAC552376D}.Debug|x86.Build.0 = Debug|Win32
		{D74BD9C0-772D-42EA-BBB3-AFEAC552376D}.Release|x64.ActiveCfg = Release|x64
		{D74BD9C0-772D-42EA-BBB3-AFEAC552376D}.Release|x64.Build.0 = Release|x64
		{D74BD9C0-772D-42EA-BBB3-AFEAC552376D}.Release|x86.ActiveCfg = Release|Win32
		{D74BD9C0-772D-42EA-BBB3-AFEAC552376D}.Release|x86.Build.0 = Release|Win32
		{4EC72CC5-0290-4C25-98AC-E1B62D848932}.Debug|x64.ActiveCfg = Debug|x64
		{4EC72CC5-0290-4C25-98AC-E1B62D848932}.Debug|x64.Build.0 = Debug|x64
		{4EC72CC5-0290-4C25-98AC-E1B62D848932}.Debug|x86.ActiveCfg = Debug|Win32
		{4EC72CC5-0290-4C25-98AC-E1B62D848932}.Debug|x86.Build.0 = Debug|Win32
		{4EC72CC5-0290-4C25-98AC-E1B62D848932}.Release|x64.ActiveCfg = Release|x64
		{4EC72CC5-0290-4C25-98AC-E1B62D848932}.Release|x64.Build.0 = Release|x64
		{4EC72CC5-0290-4C25-98AC-E1B62D848932}.Release|x86.ActiveCfg = Release|Win32
		{4EC72CC5-0290-4C25-98AC-E1B62D848932}.Release|x86.Build.0 = Release|Win32
		{4148F3D6-D4D4-46FA-AD17-818F5B5EBE83}.Debug|x64.ActiveCfg = Debug|x64
		{4148F3D6-D4D4-46FA-AD17-818F5B5EBE83}.Debug|x64.Build.0 = Debug|x64
		{4148F3D6-D4D4-46FA-AD17-818F5B5EBE83}.Debug|x86.ActiveCfg = Debug|Win32
		{4148F3D6-D4D4-46FA-AD17-818F5B5EBE83}.Debug|x86.Build.0 = Debug|Win32
		{4148F3D6-D4D4-46FA-AD17-818F5B5EBE83}.Release|x64.ActiveCfg = Release|x64
		{4148F3D6-D4D4-46FA-AD17-818F5B5EBE83}.Release|x64.Build.0 = Release|x64
		{4148F3D6-D4D4-46FA-AD17-818F5B5EBE83}.Release|x86.ActiveCfg = Release|Win32
		{4148F3D6-D4D4-46FA-AD17-818F5B5EBE83}.Release|x86.Build.0 = Release|Win32
		{8B0AC5CB-93FA-4B73-9E6F-A7E8C4442063}.Debug|x64.ActiveCfg = Debug|x64
		{8B0AC5CB-93FA-4B73-9E6F-A7E8C4442063}.Debug|x64.Build.0 = Debug|x64
		{8B0AC5CB-93FA-4B73-9E6F-A7E8C4442063}.Debug|x86.ActiveCfg = Debug|Win32
		{8B0AC5CB-93FA-4B73-9E6F-A7E8C4442063}.Debug|x86.Build.0 = Debug|Win32
		{8B0AC5CB-93FA-4B73-9E6F-A7E8C4442063}.Release|x64.ActiveCfg = Release|x64
		{8B0AC5CB-93FA-4B73-9E6F-A7E8C4442063}.Release|x64.Build.0 = Release|x64
		{8B0AC5CB-93FA-4B73-9E6F-A7E8C4442063}.Release|x86.ActiveCfg = Release|Win32
		{8B0AC5CB-93FA-4B73-9E6F-A7E8C4442063}.Release|x86.Build.0 = Release|Win32
		{78ABDC69-0222-4D48-9793-E10C0C2AC9A9}.Debug|x64.ActiveCfg = Debug|x64
		{78ABDC69-0222-4D48-9793-E10C0C2AC9A9}.Debug|x64.Build.0 = Debug|x64
		{78ABDC69-0222-4D48-9793-E10C0C2AC9A9}.Debug|x86.ActiveCfg = Debug|Win32
		{78ABDC69-0222-4D48-9793-E10C0C2AC9A9}.Debug|x86.Build.0 = Debug|Win32
		{78ABDC69-0222-4D48-9793-E10C0C2AC9A9}.Release|x64.ActiveCfg = Release|x64
		{78ABDC69-0222-4D48-9793-E10C0C2AC9A9}.Release|x64.Build.0 = Release|x64
		{78ABDC69-0222-4D48-9793-E10C0C2AC9A9}.Release|x86.ActiveCfg = Release|Win32
		{78ABDC69-0222-4D48-9793-E10C0C2AC9A9}.Release|x86.Build.0 = Release|Win32
		{C7395A95-F1F1-4F4F-920C-BE6447A9ECDF}.Debug|x64.ActiveCfg = Debug|x64
		{C7395A95-F1F1-4F4F-920C-BE6447A9ECDF}.Debug|x64.Build.0 = Debug|x64
		{C7395A95-F1F1-4F4F-920C-BE6447A9ECDF}.Debug|x86.ActiveCfg = Debug|Win32
		{C7395A95-F1F1-4F4F-920C-BE6447A9ECDF}.Debug|x86.Build.0 = Debug|Win32
		{C7395A95-F1F1-4F4F-920C-BE6447A9ECDF}.Release|x64.ActiveCfg = Release|x64
		{C7395A95-F1F1-4F4F-920C-BE6447A9ECDF}.Release|x64.Build.0 = Release|x64
		{C7395A95-F1F1-4F4F-920C-BE6447A9ECDF}.Release|x86.ActiveCfg = Release|Win32
		{C7395A95-F1F1-4F4F-920C-BE6447A9ECDF}.Release|x86.Build.0 = Release|Win32
		{63BA3DFB-592C-4F04-A85F-35113BE90180}.Debug|x64.ActiveCfg = Debug|x64
		{63BA3DFB-592C-4F04-A85F-35113BE90180}.Debug|x64.Build.0 = Debug|x64
		{63BA3DFB-592C-4F04-A85F-35113BE90180}.Debug|x86.ActiveCfg = Debug|Win32
		{63BA3DFB-592C-4F04-A85F-35113BE90180}.Debug|x86.Build.0 = Debug|Win32
		{63BA3DFB-592C-4F04-A85F-35113BE90180}.Release|x64.ActiveCfg = Release|x64
		{63BA3DFB-592C-4F04-A85F-35113BE90180}.Release|x64.Build.0 = Release|x64
		{63BA3DFB-592C-4F04-A85F-35113BE90180}.Release|x86.ActiveCfg = Release|Win32
		{63BA3DFB-592C-4F04-A85F-35113BE90180}.Release|x86.Build.0 = Release|Win32
		{65ADC06E-777C-4CAE-BECD-02C885AFFE28}.Debug|x64.ActiveCfg = Debug|x64
		{65ADC06E-777C-4CAE-BECD-02C885AFFE28}.Debug|x64.Build.0 = Debug|x64
		{65ADC06E-777C-4CAE-BECD-02C885AFFE28}.Debug|x86.ActiveCfg = Debug|Win32
		{65ADC06E-777C-4CAE-BECD-02C885AFFE28}.Debug|x86.Build.0 = Debug|Win32
		{65ADC06E-777C-4CAE-BECD-02C885AFFE28}.Release|x64.ActiveCfg = Release|x64
		{65ADC06E-777C-4CAE-BECD-02C885AFFE28}.Release|x64.Build.0 = Release|x64
		{65ADC06E-777C-4CAE-BECD-02C885AFFE28}.Release|x86.ActiveCfg = Release|Win32
		{65ADC06E-777C-4CAE-BECD-02C885AFFE28}.Release|x86.Build.0 = Release|Win32
		{9A511C90-98B2-486E-B723-906CE917951A}.Debug|x64.ActiveCfg = Debug|x64
		{9A511C90-98B2-486E-B723-906CE917951A}.Debug|x64.Build.0 = Debug|x64
		{9A511C90-98B2-486E-B723-906CE917951A}.Debug|x86.ActiveCfg = Debug|Win32
		{9A511C90-98B2-486E-B723-906CE917951A}.Debug|x86.Build.0 = Debug|Win32
		{9A511C90-98B2-486E-B723-906CE917951A}.Release|x64.ActiveCfg = Release|x64
		{9A511C90-98B2-486E-B723-906CE917951A}.Release|x64.Build.0 = Release|x64
		{9A511C90-98B2-486E-B723-906CE917951A}.Release|x86.ActiveCfg = Release|Win32
		{9A511C90-98B2-486E-B723-906CE917951A}.Release|x86.Build.0 = Release|Win32
		{D708F3E6-8C24-48FC-8BF6-EC9A23962193}.Debug|x64.ActiveCfg = Debug|x64
		{D708F3E6-8C24-48FC-8BF6-EC9A23962193}.Debug|x64.Build.0 = Debug|x64
		{D708F3E6-8C24-48FC-8BF6-EC9A23962193}.Debug|x86.ActiveCfg = Debug|Win32
		{D708F3E6-8C24-48FC-8BF6-EC9A23962193}.Debug|x86.Build.0 = Debug|Win32
		{D708F3E6-8C24-48FC-8BF6-EC9A23962193}.Release|x64.ActiveCfg = Release|x64
		{D708F3E6-8C24-48FC-8BF6-EC9A23962193}.Release|x64.Build.0 = Release|x64
		{D708F3E6-8C24-48FC-8BF6-EC9A23962193}.Release|x86.ActiveCfg = Release|Win32
		{D708F3E6-8C24-48FC-8BF6-EC9A23962193}.Release|x86.Build.0 = Release|Win32
	EndGlobalSection
	GlobalSection(SolutionProperties) = preSolution
		HideSolutionNode = FALSE
	EndGlobalSection
	GlobalSection(ExtensibilityGlobals) = postSolution
		SolutionGuid = {1E82B59B-6515-4884-BA7F-48407DBD2F0C}
	EndGlobalSection
EndGlobal
