<?xml version="1.0" encoding="utf-8"?>
<Project ToolsVersion="4.0" xmlns="http://schemas.microsoft.com/developer/msbuild/2003">
  <ItemGroup>
    <ClCompile Include="Adrengine.cpp" />
    <ClCompile Include="Window.cpp">
      <Filter>Window</Filter>
    </ClCompile>
  </ItemGroup>
  <ItemGroup>
    <ClInclude Include="resource.h" />
    <ClInclude Include="Window.h">
      <Filter>Window</Filter>
    </ClInclude>
  </ItemGroup>
  <ItemGroup>
    <ResourceCompile Include="Adrengine.rc" />
  </ItemGroup>
  <ItemGroup>
    <None Include="shaders\2DFragmentShader.glsl">
      <Filter>Shaders</Filter>
    </None>
    <None Include="shaders\2DVertexShader.glsl">
      <Filter>Shaders</Filter>
    </None>
    <None Include="shaders\DepthCubeFragmentShader.glsl">
      <Filter>Shaders</Filter>
    </None>
    <None Include="shaders\DepthCubeGeometryShader.glsl">
      <Filter>Shaders</Filter>
    </None>
    <None Include="shaders\DepthCubeVertexShader.glsl">
      <Filter>Shaders</Filter>
    </None>
    <None Include="shaders\DepthFragmentShader.glsl">
      <Filter>Shaders</Filter>
    </None>
    <None Include="shaders\DepthVertexShader.glsl">
      <Filter>Shaders</Filter>
    </None>
    <None Include="shaders\FragmentShader.glsl">
      <Filter>Shaders</Filter>
    </None>
    <None Include="shaders\VertexShader.glsl">
      <Filter>Shaders</Filter>
    </None>
    <None Include="localization\current">
      <Filter>Localization</Filter>
    </None>
    <None Include="localization\english">
      <Filter>Localization</Filter>
    </None>
  </ItemGroup>
  <ItemGroup>
    <Filter Include="Shaders">
      <UniqueIdentifier>{46818ff6-8106-40e4-9483-82fdf51e05f7}</UniqueIdentifier>
    </Filter>
    <Filter Include="Localization">
      <UniqueIdentifier>{00d9d663-6727-4baf-ade4-de853dc2b9e1}</UniqueIdentifier>
    </Filter>
    <Filter Include="Window">
      <UniqueIdentifier>{52c79d68-d51d-483d-a840-f78266b5b2d2}</UniqueIdentifier>
    </Filter>
  </ItemGroup>
</Project>