<?xml version="1.0" encoding="utf-8"?>
<Project ToolsVersion="4.0" xmlns="http://schemas.microsoft.com/developer/msbuild/2003">
  <ItemGroup>
    <Filter Include="Files">
      <UniqueIdentifier>{4FC737F1-C7A5-4376-A066-2A32D752A2FF}</UniqueIdentifier>
      <Extensions>cpp;c;cc;cxx;c++;cppm;ixx;def;odl;idl;hpj;bat;asm;asmx</Extensions>
    </Filter>
    <Filter Include="Files\Window">
      <UniqueIdentifier>{99063361-e6f9-4d0e-9ae2-8ad741fbdcf1}</UniqueIdentifier>
    </Filter>
    <Filter Include="Files\Logger">
      <UniqueIdentifier>{8dd5f199-d50d-4a43-94d9-aec2e6d85d91}</UniqueIdentifier>
    </Filter>
    <Filter Include="Files\Engine">
      <UniqueIdentifier>{e30f237b-bcb2-4b81-82ce-1389ace6be95}</UniqueIdentifier>
    </Filter>
    <Filter Include="Files\glad">
      <UniqueIdentifier>{c4da0bb9-93c2-4f7a-8e68-92e339f8a0cb}</UniqueIdentifier>
    </Filter>
    <Filter Include="Files\Engine\Graphics">
      <UniqueIdentifier>{97d1e815-0817-44f4-8091-642c8a3c34f6}</UniqueIdentifier>
    </Filter>
    <Filter Include="Files\Engine\EntityManager">
      <UniqueIdentifier>{c1b84825-9dca-428b-b411-f8196fc06692}</UniqueIdentifier>
    </Filter>
    <Filter Include="Files\Engine\EntityManager\Entity">
      <UniqueIdentifier>{c8fe6b1e-0ffd-499f-bb4a-74cc9965381f}</UniqueIdentifier>
    </Filter>
    <Filter Include="Files\Engine\Graphics\ShaderManager">
      <UniqueIdentifier>{00244607-9ade-44a0-b4a9-0403d4e6643f}</UniqueIdentifier>
    </Filter>
    <Filter Include="Files\Engine\Graphics\ShaderManager\Shader">
      <UniqueIdentifier>{29706e35-421d-4cca-b69a-65e0442ab20e}</UniqueIdentifier>
    </Filter>
    <Filter Include="Files\Engine\Graphics\ShaderManager\2DShaders">
      <UniqueIdentifier>{518e59d7-09ca-4d4a-ba15-0f40dd95cbdc}</UniqueIdentifier>
    </Filter>
    <Filter Include="Files\Engine\EntityManager\Entity\Sprite2D">
      <UniqueIdentifier>{c9bafd1f-c4e4-40e0-ac6a-c97dbf8af861}</UniqueIdentifier>
    </Filter>
    <Filter Include="Files\Engine\InterfaceManager">
      <UniqueIdentifier>{a0833942-e9d1-4c41-9f03-32c2073f027a}</UniqueIdentifier>
    </Filter>
    <Filter Include="Files\imgui">
      <UniqueIdentifier>{05c9699d-5e90-43fa-a0b9-54b710a390c7}</UniqueIdentifier>
    </Filter>
    <Filter Include="Files\Engine\InterfaceManager\MenuBar">
      <UniqueIdentifier>{7c13811f-09f7-49f3-99e3-64faa9532503}</UniqueIdentifier>
    </Filter>
    <Filter Include="Files\Engine\InterfaceManager\WindowProjectSettings">
      <UniqueIdentifier>{153e2e78-04dc-47a2-8773-8cf2b70c5556}</UniqueIdentifier>
    </Filter>
  </ItemGroup>
  <ItemGroup>
    <ClCompile Include="Adrengine.cpp">
      <Filter>Files</Filter>
    </ClCompile>
    <ClCompile Include="Window.cpp">
      <Filter>Files\Window</Filter>
    </ClCompile>
    <ClCompile Include="Logger.cpp">
      <Filter>Files\Logger</Filter>
    </ClCompile>
    <ClCompile Include="Engine.cpp">
      <Filter>Files\Engine</Filter>
    </ClCompile>
    <ClCompile Include="Graphics.cpp">
      <Filter>Files\Engine\Graphics</Filter>
    </ClCompile>
    <ClCompile Include="glad.c">
      <Filter>Files\glad</Filter>
    </ClCompile>
    <ClCompile Include="Entity.cpp">
      <Filter>Files\Engine\EntityManager\Entity</Filter>
    </ClCompile>
    <ClCompile Include="EntityManager.cpp">
      <Filter>Files\Engine\EntityManager</Filter>
    </ClCompile>
    <ClCompile Include="Shader.cpp">
      <Filter>Files\Engine\Graphics\ShaderManager\Shader</Filter>
    </ClCompile>
    <ClCompile Include="ShaderManager.cpp">
      <Filter>Files\Engine\Graphics\ShaderManager</Filter>
    </ClCompile>
    <ClCompile Include="Sprite2D.cpp">
      <Filter>Files\Engine\EntityManager\Entity\Sprite2D</Filter>
    </ClCompile>
    <ClCompile Include="InterfaceManager.cpp">
      <Filter>Files\Engine\InterfaceManager</Filter>
    </ClCompile>
    <ClCompile Include="imgui\imgui.cpp">
      <Filter>Files\imgui</Filter>
    </ClCompile>
    <ClCompile Include="imgui\imgui_demo.cpp">
      <Filter>Files\imgui</Filter>
    </ClCompile>
    <ClCompile Include="imgui\imgui_draw.cpp">
      <Filter>Files\imgui</Filter>
    </ClCompile>
    <ClCompile Include="imgui\imgui_impl_glfw.cpp">
      <Filter>Files\imgui</Filter>
    </ClCompile>
    <ClCompile Include="imgui\imgui_impl_opengl3.cpp">
      <Filter>Files\imgui</Filter>
    </ClCompile>
    <ClCompile Include="imgui\imgui_impl_win32.cpp">
      <Filter>Files\imgui</Filter>
    </ClCompile>
    <ClCompile Include="imgui\imgui_tables.cpp">
      <Filter>Files\imgui</Filter>
    </ClCompile>
    <ClCompile Include="imgui\imgui_widgets.cpp">
      <Filter>Files\imgui</Filter>
    </ClCompile>
    <ClCompile Include="MenuBar.cpp">
      <Filter>Files\Engine\InterfaceManager\MenuBar</Filter>
    </ClCompile>
    <ClCompile Include="WindowProjectSettings.cpp">
      <Filter>Files\Engine\InterfaceManager\WindowProjectSettings</Filter>
    </ClCompile>
  </ItemGroup>
  <ItemGroup>
    <ClInclude Include="Window.h">
      <Filter>Files\Window</Filter>
    </ClInclude>
    <ClInclude Include="Logger.h">
      <Filter>Files\Logger</Filter>
    </ClInclude>
    <ClInclude Include="Engine.h">
      <Filter>Files\Engine</Filter>
    </ClInclude>
    <ClInclude Include="Graphics.h">
      <Filter>Files\Engine\Graphics</Filter>
    </ClInclude>
    <ClInclude Include="Entity.h">
      <Filter>Files\Engine\EntityManager\Entity</Filter>
    </ClInclude>
    <ClInclude Include="EntityManager.h">
      <Filter>Files\Engine\EntityManager</Filter>
    </ClInclude>
    <ClInclude Include="Shader.h">
      <Filter>Files\Engine\Graphics\ShaderManager\Shader</Filter>
    </ClInclude>
    <ClInclude Include="ShaderManager.h">
      <Filter>Files\Engine\Graphics\ShaderManager</Filter>
    </ClInclude>
    <ClInclude Include="Sprite2D.h">
      <Filter>Files\Engine\EntityManager\Entity\Sprite2D</Filter>
    </ClInclude>
    <ClInclude Include="InterfaceManager.h">
      <Filter>Files\Engine\InterfaceManager</Filter>
    </ClInclude>
    <ClInclude Include="imgui\imstb_truetype.h">
      <Filter>Files\imgui</Filter>
    </ClInclude>
    <ClInclude Include="imgui\imconfig.h">
      <Filter>Files\imgui</Filter>
    </ClInclude>
    <ClInclude Include="imgui\imgui.h">
      <Filter>Files\imgui</Filter>
    </ClInclude>
    <ClInclude Include="imgui\imgui_impl_glfw.h">
      <Filter>Files\imgui</Filter>
    </ClInclude>
    <ClInclude Include="imgui\imgui_impl_opengl3.h">
      <Filter>Files\imgui</Filter>
    </ClInclude>
    <ClInclude Include="imgui\imgui_impl_opengl3_loader.h">
      <Filter>Files\imgui</Filter>
    </ClInclude>
    <ClInclude Include="imgui\imgui_impl_win32.h">
      <Filter>Files\imgui</Filter>
    </ClInclude>
    <ClInclude Include="imgui\imgui_internal.h">
      <Filter>Files\imgui</Filter>
    </ClInclude>
    <ClInclude Include="imgui\imstb_rectpack.h">
      <Filter>Files\imgui</Filter>
    </ClInclude>
    <ClInclude Include="imgui\imstb_textedit.h">
      <Filter>Files\imgui</Filter>
    </ClInclude>
    <ClInclude Include="MenuBar.h">
      <Filter>Files\Engine\InterfaceManager\MenuBar</Filter>
    </ClInclude>
    <ClInclude Include="WindowProjectSettings.h">
      <Filter>Files\Engine\InterfaceManager\WindowProjectSettings</Filter>
    </ClInclude>
  </ItemGroup>
  <ItemGroup>
    <None Include="FragmentShader.glsl">
      <Filter>Files\Engine\Graphics\ShaderManager\2DShaders</Filter>
    </None>
    <None Include="VertexShader.glsl">
      <Filter>Files\Engine\Graphics\ShaderManager\2DShaders</Filter>
    </None>
  </ItemGroup>
</Project>