<?xml version="1.0" encoding="utf-8"?>
<Project ToolsVersion="4.0" xmlns="http://schemas.microsoft.com/developer/msbuild/2003">
  <ItemGroup>
    <Filter Include="Dll">
      <UniqueIdentifier>{6b9ddaa2-81fa-4018-ac8e-f8f0d15a3902}</UniqueIdentifier>
    </Filter>
    <Filter Include="AssetDatabase">
      <UniqueIdentifier>{93995380-89BD-4b04-88EB-625FBE52EBFB}</UniqueIdentifier>
      <Extensions>h;hh;hpp;hxx;h++;hm;inl;inc;ipp;xsd</Extensions>
    </Filter>
    <Filter Include="AssetSaver">
      <UniqueIdentifier>{4FC737F1-C7A5-4376-A066-2A32D752A2FF}</UniqueIdentifier>
      <Extensions>cpp;c;cc;cxx;c++;cppm;ixx;def;odl;idl;hpj;bat;asm;asmx</Extensions>
    </Filter>
  </ItemGroup>
  <ItemGroup>
    <ClInclude Include="AssetDatabase.h">
      <Filter>AssetDatabase</Filter>
    </ClInclude>
    <ClInclude Include="pch.h">
      <Filter>Dll</Filter>
    </ClInclude>
    <ClInclude Include="framework.h">
      <Filter>Dll</Filter>
    </ClInclude>
    <ClInclude Include="AssetSaver.h">
      <Filter>AssetSaver</Filter>
    </ClInclude>
  </ItemGroup>
  <ItemGroup>
    <ClCompile Include="AssetSaver.cpp">
      <Filter>AssetSaver</Filter>
    </ClCompile>
    <ClCompile Include="dllmain.cpp">
      <Filter>Dll</Filter>
    </ClCompile>
    <ClCompile Include="AssetDatabase.cpp">
      <Filter>AssetDatabase</Filter>
    </ClCompile>
    <ClCompile Include="pch.cpp">
      <Filter>Dll</Filter>
    </ClCompile>
  </ItemGroup>
</Project>