<?xml version="1.0" encoding="utf-8"?>
<Project ToolsVersion="4.0" xmlns="http://schemas.microsoft.com/developer/msbuild/2003">
  <ItemGroup>
    <Filter Include="Source Files">
      <UniqueIdentifier>{4FC737F1-C7A5-4376-A066-2A32D752A2FF}</UniqueIdentifier>
      <Extensions>cpp;c;cc;cxx;c++;cppm;ixx;def;odl;idl;hpj;bat;asm;asmx</Extensions>
    </Filter>
    <Filter Include="Header Files">
      <UniqueIdentifier>{93995380-89BD-4b04-88EB-625FBE52EBFB}</UniqueIdentifier>
      <Extensions>h;hh;hpp;hxx;h++;hm;inl;inc;ipp;xsd</Extensions>
    </Filter>
    <Filter Include="Resource Files">
      <UniqueIdentifier>{67DA6AB6-F800-4c08-8B7A-83BB121AAD01}</UniqueIdentifier>
      <Extensions>rc;ico;cur;bmp;dlg;rc2;rct;bin;rgs;gif;jpg;jpeg;jpe;resx;tiff;tif;png;wav;mfcribbon-ms</Extensions>
    </Filter>
  </ItemGroup>
  <ItemGroup>
    <ClInclude Include="framework.h">
      <Filter>Header Files</Filter>
    </ClInclude>
    <ClInclude Include="pch.h">
      <Filter>Header Files</Filter>
    </ClInclude>
    <ClInclude Include="WindowVisualScript.h">
      <Filter>Header Files</Filter>
    </ClInclude>
    <ClInclude Include="WindowAddAsset.h">
      <Filter>Header Files</Filter>
    </ClInclude>
    <ClInclude Include="WindowAddEntity.h">
      <Filter>Header Files</Filter>
    </ClInclude>
    <ClInclude Include="WindowAddScene.h">
      <Filter>Header Files</Filter>
    </ClInclude>
    <ClInclude Include="WindowAllScenes.h">
      <Filter>Header Files</Filter>
    </ClInclude>
    <ClInclude Include="WindowAssetExplorer.h">
      <Filter>Header Files</Filter>
    </ClInclude>
    <ClInclude Include="WindowEditorSettings.h">
      <Filter>Header Files</Filter>
    </ClInclude>
    <ClInclude Include="WindowEntityProperties.h">
      <Filter>Header Files</Filter>
    </ClInclude>
    <ClInclude Include="WindowGameViewport.h">
      <Filter>Header Files</Filter>
    </ClInclude>
    <ClInclude Include="WindowProjectSettings.h">
      <Filter>Header Files</Filter>
    </ClInclude>
    <ClInclude Include="WindowScene.h">
      <Filter>Header Files</Filter>
    </ClInclude>
    <ClInclude Include="InterfaceManager.h">
      <Filter>Header Files</Filter>
    </ClInclude>
    <ClInclude Include="MenuBar.h">
      <Filter>Header Files</Filter>
    </ClInclude>
  </ItemGroup>
  <ItemGroup>
    <ClCompile Include="dllmain.cpp">
      <Filter>Source Files</Filter>
    </ClCompile>
    <ClCompile Include="pch.cpp">
      <Filter>Source Files</Filter>
    </ClCompile>
    <ClCompile Include="WindowAddAsset.cpp">
      <Filter>Source Files</Filter>
    </ClCompile>
    <ClCompile Include="WindowAddEntity.cpp">
      <Filter>Source Files</Filter>
    </ClCompile>
    <ClCompile Include="WindowAddScene.cpp">
      <Filter>Source Files</Filter>
    </ClCompile>
    <ClCompile Include="WindowAllScenes.cpp">
      <Filter>Source Files</Filter>
    </ClCompile>
    <ClCompile Include="WindowAssetExplorer.cpp">
      <Filter>Source Files</Filter>
    </ClCompile>
    <ClCompile Include="WindowEditorSettings.cpp">
      <Filter>Source Files</Filter>
    </ClCompile>
    <ClCompile Include="WindowEntityProperties.cpp">
      <Filter>Source Files</Filter>
    </ClCompile>
    <ClCompile Include="WindowGameViewport.cpp">
      <Filter>Source Files</Filter>
    </ClCompile>
    <ClCompile Include="WindowProjectSettings.cpp">
      <Filter>Source Files</Filter>
    </ClCompile>
    <ClCompile Include="WindowScene.cpp">
      <Filter>Source Files</Filter>
    </ClCompile>
    <ClCompile Include="WindowVisualScript.cpp">
      <Filter>Source Files</Filter>
    </ClCompile>
    <ClCompile Include="InterfaceManager.cpp">
      <Filter>Source Files</Filter>
    </ClCompile>
    <ClCompile Include="MenuBar.cpp">
      <Filter>Source Files</Filter>
    </ClCompile>
  </ItemGroup>
</Project>